
Microsoft Visual Studio Solution File, Format Version 12.00
# Visual Studio Version 17
VisualStudioVersion = 17.9.34616.47
MinimumVisualStudioVersion = 10.0.40219.1
Project("{FAE04EC0-301F-11D3-BF4B-00C04F79EFBC}") = "BT", "BT\BT.csproj", "{EA95AFB8-748A-49FE-AD5B-05EDC4373F0E}"
EndProject
Global
	GlobalSection(SolutionConfigurationPlatforms) = preSolution
		Debug|Any CPU = Debug|Any CPU
		Release|Any CPU = Release|Any CPU
	EndGlobalSection
	GlobalSection(ProjectConfigurationPlatforms) = postSolution
		{EA95AFB8-748A-49FE-AD5B-05EDC4373F0E}.Debug|Any CPU.ActiveCfg = Debug|Any CPU
		{EA95AFB8-748A-49FE-AD5B-05EDC4373F0E}.Debug|Any CPU.Build.0 = Debug|Any CPU
		{EA95AFB8-748A-49FE-AD5B-05EDC4373F0E}.Release|Any CPU.ActiveCfg = Release|Any CPU
		{EA95AFB8-748A-49FE-AD5B-05EDC4373F0E}.Release|Any CPU.Build.0 = Release|Any CPU
	EndGlobalSection
	GlobalSection(SolutionProperties) = preSolution
		HideSolutionNode = FALSE
	EndGlobalSection
	GlobalSection(ExtensibilityGlobals) = postSolution
		SolutionGuid = {BF43121F-AB58-4CC3-AC64-683FB22DEDFE}
	EndGlobalSection
EndGlobal
